
Microsoft Visual Studio Solution File, Format Version 12.00
# Visual Studio Version 17
VisualStudioVersion = 17.9.34723.18
MinimumVisualStudioVersion = 10.0.40219.1
Project("{9A19103F-16F7-4668-BE54-9A1E7A4F7556}") = "AxpoAsignacion", "AxpoAsignacion.csproj", "{DD673941-3C33-4E07-9D32-A635FFAFB258}"
EndProject
Project("{9A19103F-16F7-4668-BE54-9A1E7A4F7556}") = "AxpoAsignacionTests", "tests\AxpoAsignacionTests\AxpoAsignacionTests.csproj", "{3D966B1C-F9A3-4EF9-84C1-43A564DF254A}"
EndProject
Global
	GlobalSection(SolutionConfigurationPlatforms) = preSolution
		Debug|Any CPU = Debug|Any CPU
		Release|Any CPU = Release|Any CPU
	EndGlobalSection
	GlobalSection(ProjectConfigurationPlatforms) = postSolution
		{DD673941-3C33-4E07-9D32-A635FFAFB258}.Debug|Any CPU.ActiveCfg = Debug|Any CPU
		{DD673941-3C33-4E07-9D32-A635FFAFB258}.Debug|Any CPU.Build.0 = Debug|Any CPU
		{DD673941-3C33-4E07-9D32-A635FFAFB258}.Release|Any CPU.ActiveCfg = Release|Any CPU
		{DD673941-3C33-4E07-9D32-A635FFAFB258}.Release|Any CPU.Build.0 = Release|Any CPU
		{3D966B1C-F9A3-4EF9-84C1-43A564DF254A}.Debug|Any CPU.ActiveCfg = Debug|Any CPU
		{3D966B1C-F9A3-4EF9-84C1-43A564DF254A}.Debug|Any CPU.Build.0 = Debug|Any CPU
		{3D966B1C-F9A3-4EF9-84C1-43A564DF254A}.Release|Any CPU.ActiveCfg = Release|Any CPU
		{3D966B1C-F9A3-4EF9-84C1-43A564DF254A}.Release|Any CPU.Build.0 = Release|Any CPU
	EndGlobalSection
	GlobalSection(SolutionProperties) = preSolution
		HideSolutionNode = FALSE
	EndGlobalSection
	GlobalSection(ExtensibilityGlobals) = postSolution
		SolutionGuid = {4624058F-8CC0-44CD-882A-13EF3735A79D}
	EndGlobalSection
EndGlobal
